// !$*UTF8*$!
{
	archiveVersion = 1;
	classes = {
	};
	objectVersion = 77;
	objects = {

/* Begin PBXBuildFile section */
		DD33FA182EF19D9600C6B386 /* ResignerLib.framework in Frameworks */ = {isa = PBXBuildFile; fileRef = DD56A72A2EE05E260042868C /* ResignerLib.framework */; };
		DD33FA1D2EF19E9B00C6B386 /* ArgumentParser in Frameworks */ = {isa = PBXBuildFile; productRef = DD33FA1C2EF19E9B00C6B386 /* ArgumentParser */; };
		DD33FA432EF1A25600C6B386 /* ResignerLib.framework in CopyFiles */ = {isa = PBXBuildFile; fileRef = DD56A72A2EE05E260042868C /* ResignerLib.framework */; settings = {ATTRIBUTES = (CodeSignOnCopy, ); }; };
		DD56A7302EE05E260042868C /* ResignerLib.framework in Frameworks */ = {isa = PBXBuildFile; fileRef = DD56A72A2EE05E260042868C /* ResignerLib.framework */; };
		DD56A7312EE05E260042868C /* ResignerLib.framework in Embed Frameworks */ = {isa = PBXBuildFile; fileRef = DD56A72A2EE05E260042868C /* ResignerLib.framework */; settings = {ATTRIBUTES = (CodeSignOnCopy, RemoveHeadersOnCopy, ); }; };
/* End PBXBuildFile section */

/* Begin PBXContainerItemProxy section */
		DD33FA152EF19D9300C6B386 /* PBXContainerItemProxy */ = {
			isa = PBXContainerItemProxy;
			containerPortal = DD56A70E2EE05E0C0042868C /* Project object */;
			proxyType = 1;
			remoteGlobalIDString = DD56A7292EE05E260042868C;
			remoteInfo = ResignerLib;
		};
		DD56A72E2EE05E260042868C /* PBXContainerItemProxy */ = {
			isa = PBXContainerItemProxy;
			containerPortal = DD56A70E2EE05E0C0042868C /* Project object */;
			proxyType = 1;
			remoteGlobalIDString = DD56A7292EE05E260042868C;
			remoteInfo = ResignerLib;
		};
/* End PBXContainerItemProxy section */

/* Begin PBXCopyFilesBuildPhase section */
		DD33FA0C2EF19D8800C6B386 /* CopyFiles */ = {
			isa = PBXCopyFilesBuildPhase;
			buildActionMask = 2147483647;
			dstPath = usr/share/man/man1;
			dstSubfolderSpec = 16;
			files = (
				DD33FA432EF1A25600C6B386 /* ResignerLib.framework in CopyFiles */,
			);
			runOnlyForDeploymentPostprocessing = 1;
		};
		DD56A7352EE05E260042868C /* Embed Frameworks */ = {
			isa = PBXCopyFilesBuildPhase;
			buildActionMask = 2147483647;
			dstPath = "";
			dstSubfolderSpec = 10;
			files = (
				DD56A7312EE05E260042868C /* ResignerLib.framework in Embed Frameworks */,
			);
			name = "Embed Frameworks";
			runOnlyForDeploymentPostprocessing = 0;
		};
/* End PBXCopyFilesBuildPhase section */

/* Begin PBXFileReference section */
		DD33FA0E2EF19D8800C6B386 /* resigner-cli */ = {isa = PBXFileReference; explicitFileType = "compiled.mach-o.executable"; includeInIndex = 0; path = "resigner-cli"; sourceTree = BUILT_PRODUCTS_DIR; };
		DD33FA232EF1A0BC00C6B386 /* arm64-apple-macos.swiftsourceinfo */ = {isa = PBXFileReference; lastKnownFileType = file; path = "arm64-apple-macos.swiftsourceinfo"; sourceTree = "<group>"; };
		DD33FA252EF1A0BC00C6B386 /* arm64-apple-macos.swiftdoc */ = {isa = PBXFileReference; lastKnownFileType = file; path = "arm64-apple-macos.swiftdoc"; sourceTree = "<group>"; };
		DD33FA262EF1A0BC00C6B386 /* arm64-apple-macos.swiftmodule */ = {isa = PBXFileReference; lastKnownFileType = file; path = "arm64-apple-macos.swiftmodule"; sourceTree = "<group>"; };
		DD33FA272EF1A0BC00C6B386 /* arm64-apple-macos.abi.json */ = {isa = PBXFileReference; lastKnownFileType = text.json; path = "arm64-apple-macos.abi.json"; sourceTree = "<group>"; };
		DD33FA292EF1A0BC00C6B386 /* arm64-apple-macos.swiftsourceinfo */ = {isa = PBXFileReference; lastKnownFileType = file; path = "arm64-apple-macos.swiftsourceinfo"; sourceTree = "<group>"; };
		DD33FA2B2EF1A0BC00C6B386 /* arm64-apple-macos.swiftdoc */ = {isa = PBXFileReference; lastKnownFileType = file; path = "arm64-apple-macos.swiftdoc"; sourceTree = "<group>"; };
		DD33FA2C2EF1A0BC00C6B386 /* arm64-apple-macos.swiftmodule */ = {isa = PBXFileReference; lastKnownFileType = file; path = "arm64-apple-macos.swiftmodule"; sourceTree = "<group>"; };
		DD33FA2D2EF1A0BC00C6B386 /* arm64-apple-macos.abi.json */ = {isa = PBXFileReference; lastKnownFileType = text.json; path = "arm64-apple-macos.abi.json"; sourceTree = "<group>"; };
		DD33FA302EF1A0BC00C6B386 /* arm64-apple-macos.swiftsourceinfo */ = {isa = PBXFileReference; lastKnownFileType = file; path = "arm64-apple-macos.swiftsourceinfo"; sourceTree = "<group>"; };
		DD33FA322EF1A0BC00C6B386 /* arm64-apple-macos.swiftdoc */ = {isa = PBXFileReference; lastKnownFileType = file; path = "arm64-apple-macos.swiftdoc"; sourceTree = "<group>"; };
		DD33FA332EF1A0BC00C6B386 /* arm64-apple-macos.swiftmodule */ = {isa = PBXFileReference; lastKnownFileType = file; path = "arm64-apple-macos.swiftmodule"; sourceTree = "<group>"; };
		DD33FA342EF1A0BC00C6B386 /* arm64-apple-macos.abi.json */ = {isa = PBXFileReference; lastKnownFileType = text.json; path = "arm64-apple-macos.abi.json"; sourceTree = "<group>"; };
		DD33FA362EF1A0BC00C6B386 /* arm64-apple-macos.swiftsourceinfo */ = {isa = PBXFileReference; lastKnownFileType = file; path = "arm64-apple-macos.swiftsourceinfo"; sourceTree = "<group>"; };
		DD33FA382EF1A0BC00C6B386 /* arm64-apple-macos.swiftdoc */ = {isa = PBXFileReference; lastKnownFileType = file; path = "arm64-apple-macos.swiftdoc"; sourceTree = "<group>"; };
		DD33FA392EF1A0BC00C6B386 /* arm64-apple-macos.swiftmodule */ = {isa = PBXFileReference; lastKnownFileType = file; path = "arm64-apple-macos.swiftmodule"; sourceTree = "<group>"; };
		DD33FA3A2EF1A0BC00C6B386 /* arm64-apple-macos.abi.json */ = {isa = PBXFileReference; lastKnownFileType = text.json; path = "arm64-apple-macos.abi.json"; sourceTree = "<group>"; };
		DD33FA3C2EF1A0BC00C6B386 /* ArgumentParser.o */ = {isa = PBXFileReference; lastKnownFileType = "compiled.mach-o.objfile"; path = ArgumentParser.o; sourceTree = "<group>"; };
		DD33FA3D2EF1A0BC00C6B386 /* ArgumentParserToolInfo.o */ = {isa = PBXFileReference; lastKnownFileType = "compiled.mach-o.objfile"; path = ArgumentParserToolInfo.o; sourceTree = "<group>"; };
		DD33FA3E2EF1A0BC00C6B386 /* Resigner.app */ = {isa = PBXFileReference; lastKnownFileType = wrapper.application; path = Resigner.app; sourceTree = "<group>"; };
		DD33FA3F2EF1A0BC00C6B386 /* resigner-cli */ = {isa = PBXFileReference; lastKnownFileType = "compiled.mach-o.executable"; path = "resigner-cli"; sourceTree = "<group>"; };
		DD33FA402EF1A0BC00C6B386 /* ResignerLib.framework */ = {isa = PBXFileReference; lastKnownFileType = wrapper.framework; path = ResignerLib.framework; sourceTree = "<group>"; };
		DD56A7162EE05E0C0042868C /* Resigner.app */ = {isa = PBXFileReference; explicitFileType = wrapper.application; includeInIndex = 0; path = Resigner.app; sourceTree = BUILT_PRODUCTS_DIR; };
		DD56A72A2EE05E260042868C /* ResignerLib.framework */ = {isa = PBXFileReference; explicitFileType = wrapper.framework; includeInIndex = 0; path = ResignerLib.framework; sourceTree = BUILT_PRODUCTS_DIR; };
/* End PBXFileReference section */

/* Begin PBXFileSystemSynchronizedRootGroup section */
		DD33FA0F2EF19D8800C6B386 /* resigner-cli */ = {
			isa = PBXFileSystemSynchronizedRootGroup;
			path = "resigner-cli";
			sourceTree = "<group>";
		};
		DD56A7182EE05E0C0042868C /* Resigner */ = {
			isa = PBXFileSystemSynchronizedRootGroup;
			path = Resigner;
			sourceTree = "<group>";
		};
		DD56A72B2EE05E260042868C /* ResignerLib */ = {
			isa = PBXFileSystemSynchronizedRootGroup;
			path = ResignerLib;
			sourceTree = "<group>";
		};
/* End PBXFileSystemSynchronizedRootGroup section */

/* Begin PBXFrameworksBuildPhase section */
		DD33FA0B2EF19D8800C6B386 /* Frameworks */ = {
			isa = PBXFrameworksBuildPhase;
			buildActionMask = 2147483647;
			files = (
				DD33FA1D2EF19E9B00C6B386 /* ArgumentParser in Frameworks */,
				DD33FA182EF19D9600C6B386 /* ResignerLib.framework in Frameworks */,
			);
			runOnlyForDeploymentPostprocessing = 0;
		};
		DD56A7132EE05E0C0042868C /* Frameworks */ = {
			isa = PBXFrameworksBuildPhase;
			buildActionMask = 2147483647;
			files = (
				DD56A7302EE05E260042868C /* ResignerLib.framework in Frameworks */,
			);
			runOnlyForDeploymentPostprocessing = 0;
		};
		DD56A7272EE05E260042868C /* Frameworks */ = {
			isa = PBXFrameworksBuildPhase;
			buildActionMask = 2147483647;
			files = (
			);
			runOnlyForDeploymentPostprocessing = 0;
		};
/* End PBXFrameworksBuildPhase section */

/* Begin PBXGroup section */
		DD33FA172EF19D9600C6B386 /* Frameworks */ = {
			isa = PBXGroup;
			children = (
			);
			name = Frameworks;
			sourceTree = "<group>";
		};
		DD33FA242EF1A0BC00C6B386 /* Project */ = {
			isa = PBXGroup;
			children = (
				DD33FA232EF1A0BC00C6B386 /* arm64-apple-macos.swiftsourceinfo */,
			);
			path = Project;
			sourceTree = "<group>";
		};
		DD33FA282EF1A0BC00C6B386 /* ArgumentParser.swiftmodule */ = {
			isa = PBXGroup;
			children = (
				DD33FA242EF1A0BC00C6B386 /* Project */,
				DD33FA252EF1A0BC00C6B386 /* arm64-apple-macos.swiftdoc */,
				DD33FA262EF1A0BC00C6B386 /* arm64-apple-macos.swiftmodule */,
				DD33FA272EF1A0BC00C6B386 /* arm64-apple-macos.abi.json */,
			);
			path = ArgumentParser.swiftmodule;
			sourceTree = "<group>";
		};
		DD33FA2A2EF1A0BC00C6B386 /* Project */ = {
			isa = PBXGroup;
			children = (
				DD33FA292EF1A0BC00C6B386 /* arm64-apple-macos.swiftsourceinfo */,
			);
			path = Project;
			sourceTree = "<group>";
		};
		DD33FA2E2EF1A0BC00C6B386 /* ArgumentParserToolInfo.swiftmodule */ = {
			isa = PBXGroup;
			children = (
				DD33FA2A2EF1A0BC00C6B386 /* Project */,
				DD33FA2B2EF1A0BC00C6B386 /* arm64-apple-macos.swiftdoc */,
				DD33FA2C2EF1A0BC00C6B386 /* arm64-apple-macos.swiftmodule */,
				DD33FA2D2EF1A0BC00C6B386 /* arm64-apple-macos.abi.json */,
			);
			path = ArgumentParserToolInfo.swiftmodule;
			sourceTree = "<group>";
		};
		DD33FA2F2EF1A0BC00C6B386 /* PackageFrameworks */ = {
			isa = PBXGroup;
			children = (
			);
			path = PackageFrameworks;
			sourceTree = "<group>";
		};
		DD33FA312EF1A0BC00C6B386 /* Project */ = {
			isa = PBXGroup;
			children = (
				DD33FA302EF1A0BC00C6B386 /* arm64-apple-macos.swiftsourceinfo */,
			);
			path = Project;
			sourceTree = "<group>";
		};
		DD33FA352EF1A0BC00C6B386 /* Resigner.swiftmodule */ = {
			isa = PBXGroup;
			children = (
				DD33FA312EF1A0BC00C6B386 /* Project */,
				DD33FA322EF1A0BC00C6B386 /* arm64-apple-macos.swiftdoc */,
				DD33FA332EF1A0BC00C6B386 /* arm64-apple-macos.swiftmodule */,
				DD33FA342EF1A0BC00C6B386 /* arm64-apple-macos.abi.json */,
			);
			path = Resigner.swiftmodule;
			sourceTree = "<group>";
		};
		DD33FA372EF1A0BC00C6B386 /* Project */ = {
			isa = PBXGroup;
			children = (
				DD33FA362EF1A0BC00C6B386 /* arm64-apple-macos.swiftsourceinfo */,
			);
			path = Project;
			sourceTree = "<group>";
		};
		DD33FA3B2EF1A0BC00C6B386 /* resigner_cli.swiftmodule */ = {
			isa = PBXGroup;
			children = (
				DD33FA372EF1A0BC00C6B386 /* Project */,
				DD33FA382EF1A0BC00C6B386 /* arm64-apple-macos.swiftdoc */,
				DD33FA392EF1A0BC00C6B386 /* arm64-apple-macos.swiftmodule */,
				DD33FA3A2EF1A0BC00C6B386 /* arm64-apple-macos.abi.json */,
			);
			path = resigner_cli.swiftmodule;
			sourceTree = "<group>";
		};
		DD33FA412EF1A0BC00C6B386 /* Debug */ = {
			isa = PBXGroup;
			children = (
				DD33FA282EF1A0BC00C6B386 /* ArgumentParser.swiftmodule */,
				DD33FA2E2EF1A0BC00C6B386 /* ArgumentParserToolInfo.swiftmodule */,
				DD33FA2F2EF1A0BC00C6B386 /* PackageFrameworks */,
				DD33FA352EF1A0BC00C6B386 /* Resigner.swiftmodule */,
				DD33FA3B2EF1A0BC00C6B386 /* resigner_cli.swiftmodule */,
				DD33FA3C2EF1A0BC00C6B386 /* ArgumentParser.o */,
				DD33FA3D2EF1A0BC00C6B386 /* ArgumentParserToolInfo.o */,
				DD33FA3E2EF1A0BC00C6B386 /* Resigner.app */,
				DD33FA3F2EF1A0BC00C6B386 /* resigner-cli */,
				DD33FA402EF1A0BC00C6B386 /* ResignerLib.framework */,
			);
			path = Debug;
			sourceTree = "<group>";
		};
		DD33FA422EF1A0BC00C6B386 /* Products */ = {
			isa = PBXGroup;
			children = (
				DD33FA412EF1A0BC00C6B386 /* Debug */,
			);
			name = Products;
			path = "/Users/kudinov-mb/Library/Developer/Xcode/DerivedData/Resigner-eocdxdozithswyhjwavlqctvmtbm/Build/Products";
			sourceTree = "<absolute>";
		};
		DD56A70D2EE05E0C0042868C = {
			isa = PBXGroup;
			children = (
				DD33FA422EF1A0BC00C6B386 /* Products */,
				DD56A7182EE05E0C0042868C /* Resigner */,
				DD56A72B2EE05E260042868C /* ResignerLib */,
				DD33FA0F2EF19D8800C6B386 /* resigner-cli */,
				DD33FA172EF19D9600C6B386 /* Frameworks */,
				DD56A7172EE05E0C0042868C /* Products */,
			);
			sourceTree = "<group>";
		};
		DD56A7172EE05E0C0042868C /* Products */ = {
			isa = PBXGroup;
			children = (
				DD56A7162EE05E0C0042868C /* Resigner.app */,
				DD56A72A2EE05E260042868C /* ResignerLib.framework */,
				DD33FA0E2EF19D8800C6B386 /* resigner-cli */,
			);
			name = Products;
			sourceTree = "<group>";
		};
/* End PBXGroup section */

/* Begin PBXHeadersBuildPhase section */
		DD56A7252EE05E260042868C /* Headers */ = {
			isa = PBXHeadersBuildPhase;
			buildActionMask = 2147483647;
			files = (
			);
			runOnlyForDeploymentPostprocessing = 0;
		};
/* End PBXHeadersBuildPhase section */

/* Begin PBXNativeTarget section */
		DD33FA0D2EF19D8800C6B386 /* resigner-cli */ = {
			isa = PBXNativeTarget;
			buildConfigurationList = DD33FA122EF19D8800C6B386 /* Build configuration list for PBXNativeTarget "resigner-cli" */;
			buildPhases = (
				DD33FA0A2EF19D8800C6B386 /* Sources */,
				DD33FA0B2EF19D8800C6B386 /* Frameworks */,
				DD33FA0C2EF19D8800C6B386 /* CopyFiles */,
			);
			buildRules = (
			);
			dependencies = (
				DD33FA1B2EF19E9700C6B386 /* PBXTargetDependency */,
				DD33FA162EF19D9300C6B386 /* PBXTargetDependency */,
			);
			fileSystemSynchronizedGroups = (
				DD33FA0F2EF19D8800C6B386 /* resigner-cli */,
			);
			name = "resigner-cli";
			packageProductDependencies = (
				DD33FA1C2EF19E9B00C6B386 /* ArgumentParser */,
			);
			productName = "resigner-cli";
			productReference = DD33FA0E2EF19D8800C6B386 /* resigner-cli */;
			productType = "com.apple.product-type.tool";
		};
		DD56A7152EE05E0C0042868C /* Resigner */ = {
			isa = PBXNativeTarget;
			buildConfigurationList = DD56A7222EE05E0E0042868C /* Build configuration list for PBXNativeTarget "Resigner" */;
			buildPhases = (
				DD56A7122EE05E0C0042868C /* Sources */,
				DD56A7132EE05E0C0042868C /* Frameworks */,
				DD56A7142EE05E0C0042868C /* Resources */,
				DD56A7352EE05E260042868C /* Embed Frameworks */,
			);
			buildRules = (
			);
			dependencies = (
				DD56A72F2EE05E260042868C /* PBXTargetDependency */,
			);
			fileSystemSynchronizedGroups = (
				DD56A7182EE05E0C0042868C /* Resigner */,
			);
			name = Resigner;
			packageProductDependencies = (
			);
			productName = Resigner;
			productReference = DD56A7162EE05E0C0042868C /* Resigner.app */;
			productType = "com.apple.product-type.application";
		};
		DD56A7292EE05E260042868C /* ResignerLib */ = {
			isa = PBXNativeTarget;
			buildConfigurationList = DD56A7322EE05E260042868C /* Build configuration list for PBXNativeTarget "ResignerLib" */;
			buildPhases = (
				DD56A7252EE05E260042868C /* Headers */,
				DD56A7262EE05E260042868C /* Sources */,
				DD56A7272EE05E260042868C /* Frameworks */,
				DD56A7282EE05E260042868C /* Resources */,
			);
			buildRules = (
			);
			dependencies = (
			);
			fileSystemSynchronizedGroups = (
				DD56A72B2EE05E260042868C /* ResignerLib */,
			);
			name = ResignerLib;
			packageProductDependencies = (
			);
			productName = ResignerLib;
			productReference = DD56A72A2EE05E260042868C /* ResignerLib.framework */;
			productType = "com.apple.product-type.framework";
		};
/* End PBXNativeTarget section */

/* Begin PBXProject section */
		DD56A70E2EE05E0C0042868C /* Project object */ = {
			isa = PBXProject;
			attributes = {
				BuildIndependentTargetsInParallel = 1;
				LastSwiftUpdateCheck = 1630;
				LastUpgradeCheck = 1630;
				TargetAttributes = {
					DD33FA0D2EF19D8800C6B386 = {
						CreatedOnToolsVersion = 16.3;
					};
					DD56A7152EE05E0C0042868C = {
						CreatedOnToolsVersion = 16.3;
					};
					DD56A7292EE05E260042868C = {
						CreatedOnToolsVersion = 16.3;
					};
				};
			};
			buildConfigurationList = DD56A7112EE05E0C0042868C /* Build configuration list for PBXProject "Resigner" */;
			developmentRegion = en;
			hasScannedForEncodings = 0;
			knownRegions = (
				en,
				Base,
			);
			mainGroup = DD56A70D2EE05E0C0042868C;
			minimizedProjectReferenceProxies = 1;
			packageReferences = (
				DD33FA192EF19E8700C6B386 /* XCRemoteSwiftPackageReference "swift-argument-parser" */,
			);
			preferredProjectObjectVersion = 77;
			productRefGroup = DD56A7172EE05E0C0042868C /* Products */;
			projectDirPath = "";
			projectRoot = "";
			targets = (
				DD56A7152EE05E0C0042868C /* Resigner */,
				DD56A7292EE05E260042868C /* ResignerLib */,
				DD33FA0D2EF19D8800C6B386 /* resigner-cli */,
			);
		};
/* End PBXProject section */

/* Begin PBXResourcesBuildPhase section */
		DD56A7142EE05E0C0042868C /* Resources */ = {
			isa = PBXResourcesBuildPhase;
			buildActionMask = 2147483647;
			files = (
			);
			runOnlyForDeploymentPostprocessing = 0;
		};
		DD56A7282EE05E260042868C /* Resources */ = {
			isa = PBXResourcesBuildPhase;
			buildActionMask = 2147483647;
			files = (
			);
			runOnlyForDeploymentPostprocessing = 0;
		};
/* End PBXResourcesBuildPhase section */

/* Begin PBXSourcesBuildPhase section */
		DD33FA0A2EF19D8800C6B386 /* Sources */ = {
			isa = PBXSourcesBuildPhase;
			buildActionMask = 2147483647;
			files = (
			);
			runOnlyForDeploymentPostprocessing = 0;
		};
		DD56A7122EE05E0C0042868C /* Sources */ = {
			isa = PBXSourcesBuildPhase;
			buildActionMask = 2147483647;
			files = (
			);
			runOnlyForDeploymentPostprocessing = 0;
		};
		DD56A7262EE05E260042868C /* Sources */ = {
			isa = PBXSourcesBuildPhase;
			buildActionMask = 2147483647;
			files = (
			);
			runOnlyForDeploymentPostprocessing = 0;
		};
/* End PBXSourcesBuildPhase section */

/* Begin PBXTargetDependency section */
		DD33FA162EF19D9300C6B386 /* PBXTargetDependency */ = {
			isa = PBXTargetDependency;
			target = DD56A7292EE05E260042868C /* ResignerLib */;
			targetProxy = DD33FA152EF19D9300C6B386 /* PBXContainerItemProxy */;
		};
		DD33FA1B2EF19E9700C6B386 /* PBXTargetDependency */ = {
			isa = PBXTargetDependency;
			productRef = DD33FA1A2EF19E9700C6B386 /* ArgumentParser */;
		};
		DD56A72F2EE05E260042868C /* PBXTargetDependency */ = {
			isa = PBXTargetDependency;
			target = DD56A7292EE05E260042868C /* ResignerLib */;
			targetProxy = DD56A72E2EE05E260042868C /* PBXContainerItemProxy */;
		};
/* End PBXTargetDependency section */

/* Begin XCBuildConfiguration section */
		DD33FA132EF19D8800C6B386 /* Debug */ = {
			isa = XCBuildConfiguration;
			buildSettings = {
				ENABLE_HARDENED_RUNTIME = YES;
				LD_RUNPATH_SEARCH_PATHS = "@executable_path/";
				PRODUCT_NAME = "$(TARGET_NAME)";
				SWIFT_VERSION = 5.0;
			};
			name = Debug;
		};
		DD33FA142EF19D8800C6B386 /* Release */ = {
			isa = XCBuildConfiguration;
			buildSettings = {
				ENABLE_HARDENED_RUNTIME = YES;
				LD_RUNPATH_SEARCH_PATHS = "@executable_path/";
				PRODUCT_NAME = "$(TARGET_NAME)";
				SWIFT_VERSION = 5.0;
			};
			name = Release;
		};
		DD56A7202EE05E0E0042868C /* Debug */ = {
			isa = XCBuildConfiguration;
			buildSettings = {
				ALWAYS_SEARCH_USER_PATHS = NO;
				ASSETCATALOG_COMPILER_GENERATE_SWIFT_ASSET_SYMBOL_EXTENSIONS = YES;
				CLANG_ANALYZER_NONNULL = YES;
				CLANG_ANALYZER_NUMBER_OBJECT_CONVERSION = YES_AGGRESSIVE;
				CLANG_CXX_LANGUAGE_STANDARD = "gnu++20";
				CLANG_ENABLE_MODULES = YES;
				CLANG_ENABLE_OBJC_ARC = YES;
				CLANG_ENABLE_OBJC_WEAK = YES;
				CLANG_WARN_BLOCK_CAPTURE_AUTORELEASING = YES;
				CLANG_WARN_BOOL_CONVERSION = YES;
				CLANG_WARN_COMMA = YES;
				CLANG_WARN_CONSTANT_CONVERSION = YES;
				CLANG_WARN_DEPRECATED_OBJC_IMPLEMENTATIONS = YES;
				CLANG_WARN_DIRECT_OBJC_ISA_USAGE = YES_ERROR;
				CLANG_WARN_DOCUMENTATION_COMMENTS = YES;
				CLANG_WARN_EMPTY_BODY = YES;
				CLANG_WARN_ENUM_CONVERSION = YES;
				CLANG_WARN_INFINITE_RECURSION = YES;
				CLANG_WARN_INT_CONVERSION = YES;
				CLANG_WARN_NON_LITERAL_NULL_CONVERSION = YES;
				CLANG_WARN_OBJC_IMPLICIT_RETAIN_SELF = YES;
				CLANG_WARN_OBJC_LITERAL_CONVERSION = YES;
				CLANG_WARN_OBJC_ROOT_CLASS = YES_ERROR;
				CLANG_WARN_QUOTED_INCLUDE_IN_FRAMEWORK_HEADER = YES;
				CLANG_WARN_RANGE_LOOP_ANALYSIS = YES;
				CLANG_WARN_STRICT_PROTOTYPES = YES;
				CLANG_WARN_SUSPICIOUS_MOVE = YES;
				CLANG_WARN_UNGUARDED_AVAILABILITY = YES_AGGRESSIVE;
				CLANG_WARN_UNREACHABLE_CODE = YES;
				CLANG_WARN__DUPLICATE_METHOD_MATCH = YES;
				COPY_PHASE_STRIP = NO;
				DEBUG_INFORMATION_FORMAT = dwarf;
				ENABLE_STRICT_OBJC_MSGSEND = YES;
				ENABLE_TESTABILITY = YES;
				ENABLE_USER_SCRIPT_SANDBOXING = YES;
				GCC_C_LANGUAGE_STANDARD = gnu17;
				GCC_DYNAMIC_NO_PIC = NO;
				GCC_NO_COMMON_BLOCKS = YES;
				GCC_OPTIMIZATION_LEVEL = 0;
				GCC_PREPROCESSOR_DEFINITIONS = (
					"DEBUG=1",
					"$(inherited)",
				);
				GCC_WARN_64_TO_32_BIT_CONVERSION = YES;
				GCC_WARN_ABOUT_RETURN_TYPE = YES_ERROR;
				GCC_WARN_UNDECLARED_SELECTOR = YES;
				GCC_WARN_UNINITIALIZED_AUTOS = YES_AGGRESSIVE;
				GCC_WARN_UNUSED_FUNCTION = YES;
				GCC_WARN_UNUSED_VARIABLE = YES;
				LOCALIZATION_PREFERS_STRING_CATALOGS = YES;
				MACOSX_DEPLOYMENT_TARGET = 15.4;
				MTL_ENABLE_DEBUG_INFO = INCLUDE_SOURCE;
				MTL_FAST_MATH = YES;
				ONLY_ACTIVE_ARCH = YES;
				SDKROOT = macosx;
				SWIFT_ACTIVE_COMPILATION_CONDITIONS = "DEBUG $(inherited)";
				SWIFT_OPTIMIZATION_LEVEL = "-Onone";
			};
			name = Debug;
		};
		DD56A7212EE05E0E0042868C /* Release */ = {
			isa = XCBuildConfiguration;
			buildSettings = {
				ALWAYS_SEARCH_USER_PATHS = NO;
				ASSETCATALOG_COMPILER_GENERATE_SWIFT_ASSET_SYMBOL_EXTENSIONS = YES;
				CLANG_ANALYZER_NONNULL = YES;
				CLANG_ANALYZER_NUMBER_OBJECT_CONVERSION = YES_AGGRESSIVE;
				CLANG_CXX_LANGUAGE_STANDARD = "gnu++20";
				CLANG_ENABLE_MODULES = YES;
				CLANG_ENABLE_OBJC_ARC = YES;
				CLANG_ENABLE_OBJC_WEAK = YES;
				CLANG_WARN_BLOCK_CAPTURE_AUTORELEASING = YES;
				CLANG_WARN_BOOL_CONVERSION = YES;
				CLANG_WARN_COMMA = YES;
				CLANG_WARN_CONSTANT_CONVERSION = YES;
				CLANG_WARN_DEPRECATED_OBJC_IMPLEMENTATIONS = YES;
				CLANG_WARN_DIRECT_OBJC_ISA_USAGE = YES_ERROR;
				CLANG_WARN_DOCUMENTATION_COMMENTS = YES;
				CLANG_WARN_EMPTY_BODY = YES;
				CLANG_WARN_ENUM_CONVERSION = YES;
				CLANG_WARN_INFINITE_RECURSION = YES;
				CLANG_WARN_INT_CONVERSION = YES;
				CLANG_WARN_NON_LITERAL_NULL_CONVERSION = YES;
				CLANG_WARN_OBJC_IMPLICIT_RETAIN_SELF = YES;
				CLANG_WARN_OBJC_LITERAL_CONVERSION = YES;
				CLANG_WARN_OBJC_ROOT_CLASS = YES_ERROR;
				CLANG_WARN_QUOTED_INCLUDE_IN_FRAMEWORK_HEADER = YES;
				CLANG_WARN_RANGE_LOOP_ANALYSIS = YES;
				CLANG_WARN_STRICT_PROTOTYPES = YES;
				CLANG_WARN_SUSPICIOUS_MOVE = YES;
				CLANG_WARN_UNGUARDED_AVAILABILITY = YES_AGGRESSIVE;
				CLANG_WARN_UNREACHABLE_CODE = YES;
				CLANG_WARN__DUPLICATE_METHOD_MATCH = YES;
				COPY_PHASE_STRIP = NO;
				DEBUG_INFORMATION_FORMAT = "dwarf-with-dsym";
				ENABLE_NS_ASSERTIONS = NO;
				ENABLE_STRICT_OBJC_MSGSEND = YES;
				ENABLE_USER_SCRIPT_SANDBOXING = YES;
				GCC_C_LANGUAGE_STANDARD = gnu17;
				GCC_NO_COMMON_BLOCKS = YES;
				GCC_WARN_64_TO_32_BIT_CONVERSION = YES;
				GCC_WARN_ABOUT_RETURN_TYPE = YES_ERROR;
				GCC_WARN_UNDECLARED_SELECTOR = YES;
				GCC_WARN_UNINITIALIZED_AUTOS = YES_AGGRESSIVE;
				GCC_WARN_UNUSED_FUNCTION = YES;
				GCC_WARN_UNUSED_VARIABLE = YES;
				LOCALIZATION_PREFERS_STRING_CATALOGS = YES;
				MACOSX_DEPLOYMENT_TARGET = 15.4;
				MTL_ENABLE_DEBUG_INFO = NO;
				MTL_FAST_MATH = YES;
				SDKROOT = macosx;
				SWIFT_COMPILATION_MODE = wholemodule;
			};
			name = Release;
		};
		DD56A7232EE05E0E0042868C /* Debug */ = {
			isa = XCBuildConfiguration;
			buildSettings = {
				ASSETCATALOG_COMPILER_APPICON_NAME = AppIcon;
				ASSETCATALOG_COMPILER_GLOBAL_ACCENT_COLOR_NAME = AccentColor;
				CODE_SIGN_ENTITLEMENTS = Resigner/Resigner.entitlements;
				COMBINE_HIDPI_IMAGES = YES;
				CURRENT_PROJECT_VERSION = 1;
				ENABLE_HARDENED_RUNTIME = YES;
				ENABLE_PREVIEWS = YES;
				GENERATE_INFOPLIST_FILE = YES;
				INFOPLIST_KEY_NSHumanReadableCopyright = "";
				LD_RUNPATH_SEARCH_PATHS = (
					"$(inherited)",
					"@executable_path/../Frameworks",
				);
				MARKETING_VERSION = 1.0;
				PRODUCT_BUNDLE_IDENTIFIER = com.kaspersky.ios.Resigner;
				PRODUCT_NAME = "$(TARGET_NAME)";
				REGISTER_APP_GROUPS = YES;
				SWIFT_EMIT_LOC_STRINGS = YES;
				SWIFT_VERSION = 5.0;
			};
			name = Debug;
		};
		DD56A7242EE05E0E0042868C /* Release */ = {
			isa = XCBuildConfiguration;
			buildSettings = {
				ASSETCATALOG_COMPILER_APPICON_NAME = AppIcon;
				ASSETCATALOG_COMPILER_GLOBAL_ACCENT_COLOR_NAME = AccentColor;
				CODE_SIGN_ENTITLEMENTS = Resigner/Resigner.entitlements;
				COMBINE_HIDPI_IMAGES = YES;
				CURRENT_PROJECT_VERSION = 1;
				ENABLE_HARDENED_RUNTIME = YES;
				ENABLE_PREVIEWS = YES;
				GENERATE_INFOPLIST_FILE = YES;
				INFOPLIST_KEY_NSHumanReadableCopyright = "";
				LD_RUNPATH_SEARCH_PATHS = (
					"$(inherited)",
					"@executable_path/../Frameworks",
				);
				MARKETING_VERSION = 1.0;
				PRODUCT_BUNDLE_IDENTIFIER = com.kaspersky.ios.Resigner;
				PRODUCT_NAME = "$(TARGET_NAME)";
				REGISTER_APP_GROUPS = YES;
				SWIFT_EMIT_LOC_STRINGS = YES;
				SWIFT_VERSION = 5.0;
			};
			name = Release;
		};
		DD56A7332EE05E260042868C /* Debug */ = {
			isa = XCBuildConfiguration;
			buildSettings = {
				BUILD_LIBRARY_FOR_DISTRIBUTION = YES;
				COMBINE_HIDPI_IMAGES = YES;
				CURRENT_PROJECT_VERSION = 1;
				DYLIB_COMPATIBILITY_VERSION = 1;
				DYLIB_CURRENT_VERSION = 1;
				DYLIB_INSTALL_NAME_BASE = "@rpath";
				ENABLE_MODULE_VERIFIER = YES;
				GENERATE_INFOPLIST_FILE = YES;
				INFOPLIST_KEY_NSHumanReadableCopyright = "";
				INSTALL_PATH = "$(LOCAL_LIBRARY_DIR)/Frameworks";
				LD_RUNPATH_SEARCH_PATHS = (
					"$(inherited)",
					"@executable_path/../Frameworks",
					"@loader_path/Frameworks",
				);
				MARKETING_VERSION = 1.0;
				MODULE_VERIFIER_SUPPORTED_LANGUAGES = "objective-c objective-c++";
				MODULE_VERIFIER_SUPPORTED_LANGUAGE_STANDARDS = "gnu17 gnu++20";
				PRODUCT_BUNDLE_IDENTIFIER = com.kaspersky.ios.ResignerLib;
				PRODUCT_NAME = "$(TARGET_NAME:c99extidentifier)";
				SKIP_INSTALL = YES;
				SWIFT_EMIT_LOC_STRINGS = YES;
				SWIFT_INSTALL_MODULE = YES;
				SWIFT_INSTALL_OBJC_HEADER = NO;
				SWIFT_VERSION = 5.0;
				VERSIONING_SYSTEM = "apple-generic";
				VERSION_INFO_PREFIX = "";
			};
			name = Debug;
		};
		DD56A7342EE05E260042868C /* Release */ = {
			isa = XCBuildConfiguration;
			buildSettings = {
				BUILD_LIBRARY_FOR_DISTRIBUTION = YES;
				COMBINE_HIDPI_IMAGES = YES;
				CURRENT_PROJECT_VERSION = 1;
				DYLIB_COMPATIBILITY_VERSION = 1;
				DYLIB_CURRENT_VERSION = 1;
				DYLIB_INSTALL_NAME_BASE = "@rpath";
				ENABLE_MODULE_VERIFIER = YES;
				GENERATE_INFOPLIST_FILE = YES;
				INFOPLIST_KEY_NSHumanReadableCopyright = "";
				INSTALL_PATH = "$(LOCAL_LIBRARY_DIR)/Frameworks";
				LD_RUNPATH_SEARCH_PATHS = (
					"$(inherited)",
					"@executable_path/../Frameworks",
					"@loader_path/Frameworks",
				);
				MARKETING_VERSION = 1.0;
				MODULE_VERIFIER_SUPPORTED_LANGUAGES = "objective-c objective-c++";
				MODULE_VERIFIER_SUPPORTED_LANGUAGE_STANDARDS = "gnu17 gnu++20";
				PRODUCT_BUNDLE_IDENTIFIER = com.kaspersky.ios.ResignerLib;
				PRODUCT_NAME = "$(TARGET_NAME:c99extidentifier)";
				SKIP_INSTALL = YES;
				SWIFT_EMIT_LOC_STRINGS = YES;
				SWIFT_INSTALL_MODULE = YES;
				SWIFT_INSTALL_OBJC_HEADER = NO;
				SWIFT_VERSION = 5.0;
				VERSIONING_SYSTEM = "apple-generic";
				VERSION_INFO_PREFIX = "";
			};
			name = Release;
		};
/* End XCBuildConfiguration section */

/* Begin XCConfigurationList section */
		DD33FA122EF19D8800C6B386 /* Build configuration list for PBXNativeTarget "resigner-cli" */ = {
			isa = XCConfigurationList;
			buildConfigurations = (
				DD33FA132EF19D8800C6B386 /* Debug */,
				DD33FA142EF19D8800C6B386 /* Release */,
			);
			defaultConfigurationIsVisible = 0;
			defaultConfigurationName = Release;
		};
		DD56A7112EE05E0C0042868C /* Build configuration list for PBXProject "Resigner" */ = {
			isa = XCConfigurationList;
			buildConfigurations = (
				DD56A7202EE05E0E0042868C /* Debug */,
				DD56A7212EE05E0E0042868C /* Release */,
			);
			defaultConfigurationIsVisible = 0;
			defaultConfigurationName = Release;
		};
		DD56A7222EE05E0E0042868C /* Build configuration list for PBXNativeTarget "Resigner" */ = {
			isa = XCConfigurationList;
			buildConfigurations = (
				DD56A7232EE05E0E0042868C /* Debug */,
				DD56A7242EE05E0E0042868C /* Release */,
			);
			defaultConfigurationIsVisible = 0;
			defaultConfigurationName = Release;
		};
		DD56A7322EE05E260042868C /* Build configuration list for PBXNativeTarget "ResignerLib" */ = {
			isa = XCConfigurationList;
			buildConfigurations = (
				DD56A7332EE05E260042868C /* Debug */,
				DD56A7342EE05E260042868C /* Release */,
			);
			defaultConfigurationIsVisible = 0;
			defaultConfigurationName = Release;
		};
/* End XCConfigurationList section */

/* Begin XCRemoteSwiftPackageReference section */
		DD33FA192EF19E8700C6B386 /* XCRemoteSwiftPackageReference "swift-argument-parser" */ = {
			isa = XCRemoteSwiftPackageReference;
			repositoryURL = "https://github.com/apple/swift-argument-parser.git";
			requirement = {
				kind = upToNextMajorVersion;
				minimumVersion = 1.6.2;
			};
		};
/* End XCRemoteSwiftPackageReference section */

/* Begin XCSwiftPackageProductDependency section */
		DD33FA1A2EF19E9700C6B386 /* ArgumentParser */ = {
			isa = XCSwiftPackageProductDependency;
			package = DD33FA192EF19E8700C6B386 /* XCRemoteSwiftPackageReference "swift-argument-parser" */;
			productName = ArgumentParser;
		};
		DD33FA1C2EF19E9B00C6B386 /* ArgumentParser */ = {
			isa = XCSwiftPackageProductDependency;
			package = DD33FA192EF19E8700C6B386 /* XCRemoteSwiftPackageReference "swift-argument-parser" */;
			productName = ArgumentParser;
		};
/* End XCSwiftPackageProductDependency section */
	};
	rootObject = DD56A70E2EE05E0C0042868C /* Project object */;
}
